# This file was autogenerated by Stack.
# You should not edit this file by hand.
# For more information, please see the documentation at:
#   https://docs.haskellstack.org/en/stable/lock_files

packages:
- completed:
    hackage: sdl2-2.5.0.0@sha256:9b5b19ca4caf80cbd79e5815ffea13cfa2d2215d1b2ab10dc904bbe42ca47dc2,11303
    pantry-tree:
      size: 6571
      sha256: 1069f5072a87b27eff43b892d021e4e327e77e5989c8f93864ef1965b99fd725
  original:
    hackage: sdl2-2.5.0.0
- completed:
    hackage: cairo-0.13.6.1@sha256:6ec483dc48865d55e903aacb8740aee2d4831b8c0f34eebbf7a323edafdabb37,4075
    pantry-tree:
      size: 2830
      sha256: fe4992b0f5df82083c32f13d211525515ac2d6eecef81b46ca3ef008753a521e
  original:
    hackage: cairo-0.13.6.1
- completed:
    hackage: pango-0.13.6.1@sha256:177c9b6d865dc8f1634742497c6807a7c37a11e86c0dc93fbc047981d546738a,3881
    pantry-tree:
      size: 1506
      sha256: 216bb39cdc265804f6ddd30c00c82ab156c17dcf8577b85527c287a21b4cb9fb
  original:
    hackage: pango-0.13.6.1
- completed:
    hackage: glib-0.13.7.1@sha256:b517bbbc46f8bd72a8c97fb1d6769705a9b0d006f7cff8b3dc85948511817b11,3120
    pantry-tree:
      size: 1625
      sha256: d7218c2ed9890d7b07030601980f62a57d5e888f656db5f32c3017ec7551a0d2
  original:
    hackage: glib-0.13.7.1
- completed:
    hackage: gtk2hs-buildtools-0.13.5.4@sha256:0f18b0103fa7a3cbc28edc6a97bdaf08e1f9bd273ef26d2ad498630ec6d0ac9c,5288
    pantry-tree:
      size: 3588
      sha256: df6fdd3aaf8b9d3dd420b5c5906751d7399f1999607b396141d1493c76472e1b
  original:
    hackage: gtk2hs-buildtools-0.13.5.4
snapshots:
- completed:
    size: 523443
    url: https://raw.githubusercontent.com/commercialhaskell/stackage-snapshots/master/lts/14/0.yaml
    sha256: 283773e7120f5446d961eab35ea95c9af9c24187cc178537bd29273200a05171
  original: lts-14.0
